
Microsoft Visual Studio Solution File, Format Version 12.00
# Visual Studio Version 17
VisualStudioVersion = 17.14.36310.24
MinimumVisualStudioVersion = 10.0.40219.1
Project("{FAE04EC0-301F-11D3-BF4B-00C04F79EFBC}") = "Secretaria.Api", "Secretaria.Api\Secretaria.Api.csproj", "{5C2CBC9E-C528-4AA1-9BC6-F1CAD39990E3}"
EndProject
Project("{FAE04EC0-301F-11D3-BF4B-00C04F79EFBC}") = "Secretaria.Dominio", "Secretaria.Dominio\Secretaria.Dominio.csproj", "{47B257F4-C4C9-4680-BF4A-BA763765FA7A}"
EndProject
Project("{FAE04EC0-301F-11D3-BF4B-00C04F79EFBC}") = "Secretaria.Aplicacao", "Secretaria.Aplicacao\Secretaria.Aplicacao.csproj", "{055A0D3F-C2DA-4A16-80C0-221F7718AE29}"
EndProject
Project("{FAE04EC0-301F-11D3-BF4B-00C04F79EFBC}") = "Secretaria.DataTransfer", "Secretaria.DataTransfer\Secretaria.DataTransfer.csproj", "{177315C9-B9F2-468C-9355-DA9503E1BAFF}"
EndProject
Project("{FAE04EC0-301F-11D3-BF4B-00C04F79EFBC}") = "Secretaria.IoC", "Secretaria.IoC\Secretaria.IoC.csproj", "{DA08BC3D-6EFB-4DEA-AB51-DD10A1917EE6}"
EndProject
Project("{FAE04EC0-301F-11D3-BF4B-00C04F79EFBC}") = "Secretaria.Infra", "Secretaria.Infra\Secretaria.Infra.csproj", "{C49FE566-3328-421D-96D6-4205791737BA}"
EndProject
Project("{2150E333-8FDC-42A3-9474-1A3956D46DE8}") = "DB", "DB", "{02EA681E-C7D8-13C7-8484-4AC65E1B71E8}"
	ProjectSection(SolutionItems) = preProject
		docker-compose.yml = docker-compose.yml
	EndProjectSection
EndProject
Project("{2150E333-8FDC-42A3-9474-1A3956D46DE8}") = "Solution Items", "Solution Items", "{8EC462FD-D22E-90A8-E5CE-7E832BA40C5D}"
	ProjectSection(SolutionItems) = preProject
		.gitignore = .gitignore
	EndProjectSection
EndProject
Global
	GlobalSection(SolutionConfigurationPlatforms) = preSolution
		Debug|Any CPU = Debug|Any CPU
		Debug|x64 = Debug|x64
		Debug|x86 = Debug|x86
		Release|Any CPU = Release|Any CPU
		Release|x64 = Release|x64
		Release|x86 = Release|x86
	EndGlobalSection
	GlobalSection(ProjectConfigurationPlatforms) = postSolution
		{5C2CBC9E-C528-4AA1-9BC6-F1CAD39990E3}.Debug|Any CPU.ActiveCfg = Debug|Any CPU
		{5C2CBC9E-C528-4AA1-9BC6-F1CAD39990E3}.Debug|Any CPU.Build.0 = Debug|Any CPU
		{5C2CBC9E-C528-4AA1-9BC6-F1CAD39990E3}.Debug|x64.ActiveCfg = Debug|Any CPU
		{5C2CBC9E-C528-4AA1-9BC6-F1CAD39990E3}.Debug|x64.Build.0 = Debug|Any CPU
		{5C2CBC9E-C528-4AA1-9BC6-F1CAD39990E3}.Debug|x86.ActiveCfg = Debug|Any CPU
		{5C2CBC9E-C528-4AA1-9BC6-F1CAD39990E3}.Debug|x86.Build.0 = Debug|Any CPU
		{5C2CBC9E-C528-4AA1-9BC6-F1CAD39990E3}.Release|Any CPU.ActiveCfg = Release|Any CPU
		{5C2CBC9E-C528-4AA1-9BC6-F1CAD39990E3}.Release|Any CPU.Build.0 = Release|Any CPU
		{5C2CBC9E-C528-4AA1-9BC6-F1CAD39990E3}.Release|x64.ActiveCfg = Release|Any CPU
		{5C2CBC9E-C528-4AA1-9BC6-F1CAD39990E3}.Release|x64.Build.0 = Release|Any CPU
		{5C2CBC9E-C528-4AA1-9BC6-F1CAD39990E3}.Release|x86.ActiveCfg = Release|Any CPU
		{5C2CBC9E-C528-4AA1-9BC6-F1CAD39990E3}.Release|x86.Build.0 = Release|Any CPU
		{47B257F4-C4C9-4680-BF4A-BA763765FA7A}.Debug|Any CPU.ActiveCfg = Debug|Any CPU
		{47B257F4-C4C9-4680-BF4A-BA763765FA7A}.Debug|Any CPU.Build.0 = Debug|Any CPU
		{47B257F4-C4C9-4680-BF4A-BA763765FA7A}.Debug|x64.ActiveCfg = Debug|Any CPU
		{47B257F4-C4C9-4680-BF4A-BA763765FA7A}.Debug|x64.Build.0 = Debug|Any CPU
		{47B257F4-C4C9-4680-BF4A-BA763765FA7A}.Debug|x86.ActiveCfg = Debug|Any CPU
		{47B257F4-C4C9-4680-BF4A-BA763765FA7A}.Debug|x86.Build.0 = Debug|Any CPU
		{47B257F4-C4C9-4680-BF4A-BA763765FA7A}.Release|Any CPU.ActiveCfg = Release|Any CPU
		{47B257F4-C4C9-4680-BF4A-BA763765FA7A}.Release|Any CPU.Build.0 = Release|Any CPU
		{47B257F4-C4C9-4680-BF4A-BA763765FA7A}.Release|x64.ActiveCfg = Release|Any CPU
		{47B257F4-C4C9-4680-BF4A-BA763765FA7A}.Release|x64.Build.0 = Release|Any CPU
		{47B257F4-C4C9-4680-BF4A-BA763765FA7A}.Release|x86.ActiveCfg = Release|Any CPU
		{47B257F4-C4C9-4680-BF4A-BA763765FA7A}.Release|x86.Build.0 = Release|Any CPU
		{055A0D3F-C2DA-4A16-80C0-221F7718AE29}.Debug|Any CPU.ActiveCfg = Debug|Any CPU
		{055A0D3F-C2DA-4A16-80C0-221F7718AE29}.Debug|Any CPU.Build.0 = Debug|Any CPU
		{055A0D3F-C2DA-4A16-80C0-221F7718AE29}.Debug|x64.ActiveCfg = Debug|Any CPU
		{055A0D3F-C2DA-4A16-80C0-221F7718AE29}.Debug|x64.Build.0 = Debug|Any CPU
		{055A0D3F-C2DA-4A16-80C0-221F7718AE29}.Debug|x86.ActiveCfg = Debug|Any CPU
		{055A0D3F-C2DA-4A16-80C0-221F7718AE29}.Debug|x86.Build.0 = Debug|Any CPU
		{055A0D3F-C2DA-4A16-80C0-221F7718AE29}.Release|Any CPU.ActiveCfg = Release|Any CPU
		{055A0D3F-C2DA-4A16-80C0-221F7718AE29}.Release|Any CPU.Build.0 = Release|Any CPU
		{055A0D3F-C2DA-4A16-80C0-221F7718AE29}.Release|x64.ActiveCfg = Release|Any CPU
		{055A0D3F-C2DA-4A16-80C0-221F7718AE29}.Release|x64.Build.0 = Release|Any CPU
		{055A0D3F-C2DA-4A16-80C0-221F7718AE29}.Release|x86.ActiveCfg = Release|Any CPU
		{055A0D3F-C2DA-4A16-80C0-221F7718AE29}.Release|x86.Build.0 = Release|Any CPU
		{177315C9-B9F2-468C-9355-DA9503E1BAFF}.Debug|Any CPU.ActiveCfg = Debug|Any CPU
		{177315C9-B9F2-468C-9355-DA9503E1BAFF}.Debug|Any CPU.Build.0 = Debug|Any CPU
		{177315C9-B9F2-468C-9355-DA9503E1BAFF}.Debug|x64.ActiveCfg = Debug|Any CPU
		{177315C9-B9F2-468C-9355-DA9503E1BAFF}.Debug|x64.Build.0 = Debug|Any CPU
		{177315C9-B9F2-468C-9355-DA9503E1BAFF}.Debug|x86.ActiveCfg = Debug|Any CPU
		{177315C9-B9F2-468C-9355-DA9503E1BAFF}.Debug|x86.Build.0 = Debug|Any CPU
		{177315C9-B9F2-468C-9355-DA9503E1BAFF}.Release|Any CPU.ActiveCfg = Release|Any CPU
		{177315C9-B9F2-468C-9355-DA9503E1BAFF}.Release|Any CPU.Build.0 = Release|Any CPU
		{177315C9-B9F2-468C-9355-DA9503E1BAFF}.Release|x64.ActiveCfg = Release|Any CPU
		{177315C9-B9F2-468C-9355-DA9503E1BAFF}.Release|x64.Build.0 = Release|Any CPU
		{177315C9-B9F2-468C-9355-DA9503E1BAFF}.Release|x86.ActiveCfg = Release|Any CPU
		{177315C9-B9F2-468C-9355-DA9503E1BAFF}.Release|x86.Build.0 = Release|Any CPU
		{DA08BC3D-6EFB-4DEA-AB51-DD10A1917EE6}.Debug|Any CPU.ActiveCfg = Debug|Any CPU
		{DA08BC3D-6EFB-4DEA-AB51-DD10A1917EE6}.Debug|Any CPU.Build.0 = Debug|Any CPU
		{DA08BC3D-6EFB-4DEA-AB51-DD10A1917EE6}.Debug|x64.ActiveCfg = Debug|Any CPU
		{DA08BC3D-6EFB-4DEA-AB51-DD10A1917EE6}.Debug|x64.Build.0 = Debug|Any CPU
		{DA08BC3D-6EFB-4DEA-AB51-DD10A1917EE6}.Debug|x86.ActiveCfg = Debug|Any CPU
		{DA08BC3D-6EFB-4DEA-AB51-DD10A1917EE6}.Debug|x86.Build.0 = Debug|Any CPU
		{DA08BC3D-6EFB-4DEA-AB51-DD10A1917EE6}.Release|Any CPU.ActiveCfg = Release|Any CPU
		{DA08BC3D-6EFB-4DEA-AB51-DD10A1917EE6}.Release|Any CPU.Build.0 = Release|Any CPU
		{DA08BC3D-6EFB-4DEA-AB51-DD10A1917EE6}.Release|x64.ActiveCfg = Release|Any CPU
		{DA08BC3D-6EFB-4DEA-AB51-DD10A1917EE6}.Release|x64.Build.0 = Release|Any CPU
		{DA08BC3D-6EFB-4DEA-AB51-DD10A1917EE6}.Release|x86.ActiveCfg = Release|Any CPU
		{DA08BC3D-6EFB-4DEA-AB51-DD10A1917EE6}.Release|x86.Build.0 = Release|Any CPU
		{C49FE566-3328-421D-96D6-4205791737BA}.Debug|Any CPU.ActiveCfg = Debug|Any CPU
		{C49FE566-3328-421D-96D6-4205791737BA}.Debug|Any CPU.Build.0 = Debug|Any CPU
		{C49FE566-3328-421D-96D6-4205791737BA}.Debug|x64.ActiveCfg = Debug|Any CPU
		{C49FE566-3328-421D-96D6-4205791737BA}.Debug|x64.Build.0 = Debug|Any CPU
		{C49FE566-3328-421D-96D6-4205791737BA}.Debug|x86.ActiveCfg = Debug|Any CPU
		{C49FE566-3328-421D-96D6-4205791737BA}.Debug|x86.Build.0 = Debug|Any CPU
		{C49FE566-3328-421D-96D6-4205791737BA}.Release|Any CPU.ActiveCfg = Release|Any CPU
		{C49FE566-3328-421D-96D6-4205791737BA}.Release|Any CPU.Build.0 = Release|Any CPU
		{C49FE566-3328-421D-96D6-4205791737BA}.Release|x64.ActiveCfg = Release|Any CPU
		{C49FE566-3328-421D-96D6-4205791737BA}.Release|x64.Build.0 = Release|Any CPU
		{C49FE566-3328-421D-96D6-4205791737BA}.Release|x86.ActiveCfg = Release|Any CPU
		{C49FE566-3328-421D-96D6-4205791737BA}.Release|x86.Build.0 = Release|Any CPU
	EndGlobalSection
	GlobalSection(SolutionProperties) = preSolution
		HideSolutionNode = FALSE
	EndGlobalSection
	GlobalSection(ExtensibilityGlobals) = postSolution
		SolutionGuid = {DD5F0A1C-6F6C-49AA-A7A2-BF70395A795C}
	EndGlobalSection
EndGlobal
